
Microsoft Visual Studio Solution File, Format Version 12.00
# Visual Studio Version 17
VisualStudioVersion = 17.9.34728.123
MinimumVisualStudioVersion = 10.0.40219.1
Project("{9A19103F-16F7-4668-BE54-9A1E7A4F7556}") = "hackathon-backend", "hackathon-backend.csproj", "{558DD13C-3C0D-4E9A-AB79-C223475EC158}"
EndProject
Global
	GlobalSection(SolutionConfigurationPlatforms) = preSolution
		Debug|Any CPU = Debug|Any CPU
		Release|Any CPU = Release|Any CPU
	EndGlobalSection
	GlobalSection(ProjectConfigurationPlatforms) = postSolution
		{558DD13C-3C0D-4E9A-AB79-C223475EC158}.Debug|Any CPU.ActiveCfg = Debug|Any CPU
		{558DD13C-3C0D-4E9A-AB79-C223475EC158}.Debug|Any CPU.Build.0 = Debug|Any CPU
		{558DD13C-3C0D-4E9A-AB79-C223475EC158}.Release|Any CPU.ActiveCfg = Release|Any CPU
		{558DD13C-3C0D-4E9A-AB79-C223475EC158}.Release|Any CPU.Build.0 = Release|Any CPU
	EndGlobalSection
	GlobalSection(SolutionProperties) = preSolution
		HideSolutionNode = FALSE
	EndGlobalSection
	GlobalSection(ExtensibilityGlobals) = postSolution
		SolutionGuid = {68535DF5-E93D-4B10-B1C5-095AC368E7F1}
	EndGlobalSection
EndGlobal
